<?xml version="1.0" encoding="utf-8"?>
<Project ToolsVersion="4.0" xmlns="http://schemas.microsoft.com/developer/msbuild/2003">
  <ItemGroup>
    <Filter Include="Main">
      <UniqueIdentifier>{437c8c2c-2cfd-4d2e-a1d2-6a7c271cecb0}</UniqueIdentifier>
    </Filter>
    <Filter Include="Tested Case">
      <UniqueIdentifier>{6f487e9a-38d9-450a-b2d7-b0e89b20ea8c}</UniqueIdentifier>
    </Filter>
    <Filter Include="Helper">
      <UniqueIdentifier>{4FC737F1-C7A5-4376-A066-2A32D752A2FF}</UniqueIdentifier>
      <Extensions>cpp;c;cc;cxx;c++;cppm;ixx;def;odl;idl;hpj;bat;asm;asmx</Extensions>
    </Filter>
  </ItemGroup>
  <ItemGroup>
    <ClCompile Include="Bakery.cpp">
      <Filter>Tested Case</Filter>
    </ClCompile>
    <ClCompile Include="CASLock.cpp">
      <Filter>Tested Case</Filter>
    </ClCompile>
    <ClCompile Include="main.cpp">
      <Filter>Main</Filter>
    </ClCompile>
    <ClCompile Include="Peterson.cpp">
      <Filter>Tested Case</Filter>
    </ClCompile>
  </ItemGroup>
  <ItemGroup>
    <ClInclude Include="Timer.hpp">
      <Filter>Helper</Filter>
    </ClInclude>
    <ClInclude Include="CAS.hpp">
      <Filter>Helper</Filter>
    </ClInclude>
  </ItemGroup>
</Project>